
Microsoft Visual Studio Solution File, Format Version 12.00
# Visual Studio Version 16
VisualStudioVersion = 16.0.30320.27
MinimumVisualStudioVersion = 10.0.40219.1
Project("{FAE04EC0-301F-11D3-BF4B-00C04F79EFBC}") = "LePolymorphisme", "LePolymorphisme.csproj", "{443E2205-71D0-4110-824F-1BFB08D90B77}"
EndProject
Global
	GlobalSection(SolutionConfigurationPlatforms) = preSolution
		Debug|Any CPU = Debug|Any CPU
		Release|Any CPU = Release|Any CPU
	EndGlobalSection
	GlobalSection(ProjectConfigurationPlatforms) = postSolution
		{443E2205-71D0-4110-824F-1BFB08D90B77}.Debug|Any CPU.ActiveCfg = Debug|Any CPU
		{443E2205-71D0-4110-824F-1BFB08D90B77}.Debug|Any CPU.Build.0 = Debug|Any CPU
		{443E2205-71D0-4110-824F-1BFB08D90B77}.Release|Any CPU.ActiveCfg = Release|Any CPU
		{443E2205-71D0-4110-824F-1BFB08D90B77}.Release|Any CPU.Build.0 = Release|Any CPU
	EndGlobalSection
	GlobalSection(SolutionProperties) = preSolution
		HideSolutionNode = FALSE
	EndGlobalSection
	GlobalSection(ExtensibilityGlobals) = postSolution
		SolutionGuid = {B682A207-AFA3-4008-A942-F6F0D0B98C4F}
	EndGlobalSection
EndGlobal
